
Microsoft Visual Studio Solution File, Format Version 12.00
# Visual Studio 15
Project("{FAE04EC0-301F-11D3-BF4B-00C04F79EFBC}") = "PhotonUnityNetworking.Utilities", "PhotonUnityNetworking.Utilities.csproj", "{26981E04-BE54-4E76-0C33-C8E588B7B1A3}"
EndProject
Project("{FAE04EC0-301F-11D3-BF4B-00C04F79EFBC}") = "Assembly-CSharp", "Assembly-CSharp.csproj", "{17D532E6-F055-7744-D087-F1A88A947318}"
EndProject
Project("{FAE04EC0-301F-11D3-BF4B-00C04F79EFBC}") = "PhotonChat", "PhotonChat.csproj", "{9EED0140-D3F4-7EED-245C-11CDFCBC058C}"
EndProject
Project("{FAE04EC0-301F-11D3-BF4B-00C04F79EFBC}") = "PhotonUnityNetworking", "PhotonUnityNetworking.csproj", "{C75B4D01-CE1B-7B6E-F48D-B44C58F79AA0}"
EndProject
Project("{FAE04EC0-301F-11D3-BF4B-00C04F79EFBC}") = "PhotonRealtime", "PhotonRealtime.csproj", "{C0955AC1-F29C-B870-E6CE-2F9421228572}"
EndProject
Project("{FAE04EC0-301F-11D3-BF4B-00C04F79EFBC}") = "PhotonWebSocket", "PhotonWebSocket.csproj", "{61E80306-268C-5963-0B32-CC4891B6C049}"
EndProject
Project("{FAE04EC0-301F-11D3-BF4B-00C04F79EFBC}") = "Assembly-CSharp-Editor", "Assembly-CSharp-Editor.csproj", "{26BCC50B-D9DC-2E5A-89BD-779272F54C53}"
EndProject
Project("{FAE04EC0-301F-11D3-BF4B-00C04F79EFBC}") = "PhotonUnityNetworking.Editor", "PhotonUnityNetworking.Editor.csproj", "{E5BE3ECB-C958-E692-360A-4D8B3D723C91}"
EndProject
Project("{FAE04EC0-301F-11D3-BF4B-00C04F79EFBC}") = "PhotonUnityNetworking.Utilities.PhotonPlayer.Editor", "PhotonUnityNetworking.Utilities.PhotonPlayer.Editor.csproj", "{35D2CA18-F0E5-1FB7-5692-62CA1CEA9DA2}"
EndProject
Project("{FAE04EC0-301F-11D3-BF4B-00C04F79EFBC}") = "PhotonUnityNetworking.Utilities.Culling.Editor", "PhotonUnityNetworking.Utilities.Culling.Editor.csproj", "{958B4E69-DCCE-0EDE-F884-2D5144C6A963}"
EndProject
Global
	GlobalSection(SolutionConfigurationPlatforms) = preSolution
		Debug|Any CPU = Debug|Any CPU
		Release|Any CPU = Release|Any CPU
	EndGlobalSection
	GlobalSection(ProjectConfigurationPlatforms) = postSolution
		{26981E04-BE54-4E76-0C33-C8E588B7B1A3}.Debug|Any CPU.ActiveCfg = Debug|Any CPU
		{26981E04-BE54-4E76-0C33-C8E588B7B1A3}.Debug|Any CPU.Build.0 = Debug|Any CPU
		{26981E04-BE54-4E76-0C33-C8E588B7B1A3}.Release|Any CPU.ActiveCfg = Release|Any CPU
		{26981E04-BE54-4E76-0C33-C8E588B7B1A3}.Release|Any CPU.Build.0 = Release|Any CPU
		{17D532E6-F055-7744-D087-F1A88A947318}.Debug|Any CPU.ActiveCfg = Debug|Any CPU
		{17D532E6-F055-7744-D087-F1A88A947318}.Debug|Any CPU.Build.0 = Debug|Any CPU
		{17D532E6-F055-7744-D087-F1A88A947318}.Release|Any CPU.ActiveCfg = Release|Any CPU
		{17D532E6-F055-7744-D087-F1A88A947318}.Release|Any CPU.Build.0 = Release|Any CPU
		{9EED0140-D3F4-7EED-245C-11CDFCBC058C}.Debug|Any CPU.ActiveCfg = Debug|Any CPU
		{9EED0140-D3F4-7EED-245C-11CDFCBC058C}.Debug|Any CPU.Build.0 = Debug|Any CPU
		{9EED0140-D3F4-7EED-245C-11CDFCBC058C}.Release|Any CPU.ActiveCfg = Release|Any CPU
		{9EED0140-D3F4-7EED-245C-11CDFCBC058C}.Release|Any CPU.Build.0 = Release|Any CPU
		{C75B4D01-CE1B-7B6E-F48D-B44C58F79AA0}.Debug|Any CPU.ActiveCfg = Debug|Any CPU
		{C75B4D01-CE1B-7B6E-F48D-B44C58F79AA0}.Debug|Any CPU.Build.0 = Debug|Any CPU
		{C75B4D01-CE1B-7B6E-F48D-B44C58F79AA0}.Release|Any CPU.ActiveCfg = Release|Any CPU
		{C75B4D01-CE1B-7B6E-F48D-B44C58F79AA0}.Release|Any CPU.Build.0 = Release|Any CPU
		{C0955AC1-F29C-B870-E6CE-2F9421228572}.Debug|Any CPU.ActiveCfg = Debug|Any CPU
		{C0955AC1-F29C-B870-E6CE-2F9421228572}.Debug|Any CPU.Build.0 = Debug|Any CPU
		{C0955AC1-F29C-B870-E6CE-2F9421228572}.Release|Any CPU.ActiveCfg = Release|Any CPU
		{C0955AC1-F29C-B870-E6CE-2F9421228572}.Release|Any CPU.Build.0 = Release|Any CPU
		{61E80306-268C-5963-0B32-CC4891B6C049}.Debug|Any CPU.ActiveCfg = Debug|Any CPU
		{61E80306-268C-5963-0B32-CC4891B6C049}.Debug|Any CPU.Build.0 = Debug|Any CPU
		{61E80306-268C-5963-0B32-CC4891B6C049}.Release|Any CPU.ActiveCfg = Release|Any CPU
		{61E80306-268C-5963-0B32-CC4891B6C049}.Release|Any CPU.Build.0 = Release|Any CPU
		{26BCC50B-D9DC-2E5A-89BD-779272F54C53}.Debug|Any CPU.ActiveCfg = Debug|Any CPU
		{26BCC50B-D9DC-2E5A-89BD-779272F54C53}.Debug|Any CPU.Build.0 = Debug|Any CPU
		{26BCC50B-D9DC-2E5A-89BD-779272F54C53}.Release|Any CPU.ActiveCfg = Release|Any CPU
		{26BCC50B-D9DC-2E5A-89BD-779272F54C53}.Release|Any CPU.Build.0 = Release|Any CPU
		{E5BE3ECB-C958-E692-360A-4D8B3D723C91}.Debug|Any CPU.ActiveCfg = Debug|Any CPU
		{E5BE3ECB-C958-E692-360A-4D8B3D723C91}.Debug|Any CPU.Build.0 = Debug|Any CPU
		{E5BE3ECB-C958-E692-360A-4D8B3D723C91}.Release|Any CPU.ActiveCfg = Release|Any CPU
		{E5BE3ECB-C958-E692-360A-4D8B3D723C91}.Release|Any CPU.Build.0 = Release|Any CPU
		{35D2CA18-F0E5-1FB7-5692-62CA1CEA9DA2}.Debug|Any CPU.ActiveCfg = Debug|Any CPU
		{35D2CA18-F0E5-1FB7-5692-62CA1CEA9DA2}.Debug|Any CPU.Build.0 = Debug|Any CPU
		{35D2CA18-F0E5-1FB7-5692-62CA1CEA9DA2}.Release|Any CPU.ActiveCfg = Release|Any CPU
		{35D2CA18-F0E5-1FB7-5692-62CA1CEA9DA2}.Release|Any CPU.Build.0 = Release|Any CPU
		{958B4E69-DCCE-0EDE-F884-2D5144C6A963}.Debug|Any CPU.ActiveCfg = Debug|Any CPU
		{958B4E69-DCCE-0EDE-F884-2D5144C6A963}.Debug|Any CPU.Build.0 = Debug|Any CPU
		{958B4E69-DCCE-0EDE-F884-2D5144C6A963}.Release|Any CPU.ActiveCfg = Release|Any CPU
		{958B4E69-DCCE-0EDE-F884-2D5144C6A963}.Release|Any CPU.Build.0 = Release|Any CPU
	EndGlobalSection
	GlobalSection(SolutionProperties) = preSolution
		HideSolutionNode = FALSE
	EndGlobalSection
	GlobalSection(MonoDevelopProperties) = preSolution
		StartupItem = Assembly-CSharp.csproj
	EndGlobalSection
EndGlobal
